
Microsoft Visual Studio Solution File, Format Version 12.00
# Visual Studio Version 17
VisualStudioVersion = 17.10.35013.160
MinimumVisualStudioVersion = 10.0.40219.1
Project("{8BC9CEB8-8B4A-11D0-8D11-00A0C91BC942}") = "Editor_Window", "Editor_Window\Editor_Window.vcxproj", "{E9F03C97-6169-422F-91AC-3C84621DCD61}"
EndProject
Project("{8BC9CEB8-8B4A-11D0-8D11-00A0C91BC942}") = "FrameWork_WIndow", "FrameWork_WIndow\FrameWork_WIndow.vcxproj", "{CF689754-88D3-4D82-971E-719C081BCFDC}"
EndProject
Project("{8BC9CEB8-8B4A-11D0-8D11-00A0C91BC942}") = "FrameWork_SOURCE", "FrameWork_SOURCE\FrameWork_SOURCE.vcxitems", "{203F38DE-C495-4FF0-BD60-AB08229C7670}"
EndProject
Global
	GlobalSection(SolutionConfigurationPlatforms) = preSolution
		Debug|x64 = Debug|x64
		Debug|x86 = Debug|x86
		Release|x64 = Release|x64
		Release|x86 = Release|x86
	EndGlobalSection
	GlobalSection(ProjectConfigurationPlatforms) = postSolution
		{E9F03C97-6169-422F-91AC-3C84621DCD61}.Debug|x64.ActiveCfg = Debug|x64
		{E9F03C97-6169-422F-91AC-3C84621DCD61}.Debug|x64.Build.0 = Debug|x64
		{E9F03C97-6169-422F-91AC-3C84621DCD61}.Debug|x86.ActiveCfg = Debug|Win32
		{E9F03C97-6169-422F-91AC-3C84621DCD61}.Debug|x86.Build.0 = Debug|Win32
		{E9F03C97-6169-422F-91AC-3C84621DCD61}.Release|x64.ActiveCfg = Release|x64
		{E9F03C97-6169-422F-91AC-3C84621DCD61}.Release|x64.Build.0 = Release|x64
		{E9F03C97-6169-422F-91AC-3C84621DCD61}.Release|x86.ActiveCfg = Release|Win32
		{E9F03C97-6169-422F-91AC-3C84621DCD61}.Release|x86.Build.0 = Release|Win32
		{CF689754-88D3-4D82-971E-719C081BCFDC}.Debug|x64.ActiveCfg = Debug|x64
		{CF689754-88D3-4D82-971E-719C081BCFDC}.Debug|x64.Build.0 = Debug|x64
		{CF689754-88D3-4D82-971E-719C081BCFDC}.Debug|x86.ActiveCfg = Debug|Win32
		{CF689754-88D3-4D82-971E-719C081BCFDC}.Debug|x86.Build.0 = Debug|Win32
		{CF689754-88D3-4D82-971E-719C081BCFDC}.Release|x64.ActiveCfg = Release|x64
		{CF689754-88D3-4D82-971E-719C081BCFDC}.Release|x64.Build.0 = Release|x64
		{CF689754-88D3-4D82-971E-719C081BCFDC}.Release|x86.ActiveCfg = Release|Win32
		{CF689754-88D3-4D82-971E-719C081BCFDC}.Release|x86.Build.0 = Release|Win32
	EndGlobalSection
	GlobalSection(SolutionProperties) = preSolution
		HideSolutionNode = FALSE
	EndGlobalSection
	GlobalSection(ExtensibilityGlobals) = postSolution
		SolutionGuid = {A667530F-7264-4FA1-91C4-FB1D8890162B}
	EndGlobalSection
	GlobalSection(SharedMSBuildProjectFiles) = preSolution
		FrameWork_SOURCE\FrameWork_SOURCE.vcxitems*{203f38de-c495-4ff0-bd60-ab08229c7670}*SharedItemsImports = 9
		FrameWork_SOURCE\FrameWork_SOURCE.vcxitems*{cf689754-88d3-4d82-971e-719c081bcfdc}*SharedItemsImports = 4
	EndGlobalSection
EndGlobal
