<?xml version="1.0" encoding="utf-8"?>
<Project ToolsVersion="4.0" xmlns="http://schemas.microsoft.com/developer/msbuild/2003">
  <ItemGroup>
    <ClInclude Include="fPlayScene.h">
      <Filter>Scenes</Filter>
    </ClInclude>
    <ClInclude Include="fLoadScene.h">
      <Filter>Scenes</Filter>
    </ClInclude>
    <ClInclude Include="fPlayer.h">
      <Filter>Contents</Filter>
    </ClInclude>
    <ClInclude Include="fTitleScene.h">
      <Filter>Scenes</Filter>
    </ClInclude>
  </ItemGroup>
  <ItemGroup>
    <Filter Include="Scenes">
      <UniqueIdentifier>{b252dd6f-55fe-4ba0-b56a-f2053a1c1289}</UniqueIdentifier>
    </Filter>
    <Filter Include="Contents">
      <UniqueIdentifier>{bb3ebad9-e241-48b1-af9a-b6a82bf14994}</UniqueIdentifier>
    </Filter>
  </ItemGroup>
  <ItemGroup>
    <ClCompile Include="fPlayScene.cpp">
      <Filter>Scenes</Filter>
    </ClCompile>
    <ClCompile Include="fPlayer.cpp">
      <Filter>Contents</Filter>
    </ClCompile>
    <ClCompile Include="fTitleScene.cpp">
      <Filter>Scenes</Filter>
    </ClCompile>
  </ItemGroup>
</Project>